
Microsoft Visual Studio Solution File, Format Version 12.00
# Visual Studio Version 16
VisualStudioVersion = 16.0.29326.143
MinimumVisualStudioVersion = 10.0.40219.1
Project("{9A19103F-16F7-4668-BE54-9A1E7A4F7556}") = "EngineeringThesis.UI", "EngineeringThesis\EngineeringThesis.UI.csproj", "{F3A5C547-8511-4242-BF25-5A274A717629}"
EndProject
Project("{FAE04EC0-301F-11D3-BF4B-00C04F79EFBC}") = "EngineeringThesis.Core", "EngineeringThesis.Core\EngineeringThesis.Core.csproj", "{6D0B597F-AEFD-4439-8E82-F8E7F7E2E0AF}"
EndProject
Global
	GlobalSection(SolutionConfigurationPlatforms) = preSolution
		Debug|Any CPU = Debug|Any CPU
		Release|Any CPU = Release|Any CPU
	EndGlobalSection
	GlobalSection(ProjectConfigurationPlatforms) = postSolution
		{F3A5C547-8511-4242-BF25-5A274A717629}.Debug|Any CPU.ActiveCfg = Debug|Any CPU
		{F3A5C547-8511-4242-BF25-5A274A717629}.Debug|Any CPU.Build.0 = Debug|Any CPU
		{F3A5C547-8511-4242-BF25-5A274A717629}.Release|Any CPU.ActiveCfg = Release|Any CPU
		{F3A5C547-8511-4242-BF25-5A274A717629}.Release|Any CPU.Build.0 = Release|Any CPU
		{6D0B597F-AEFD-4439-8E82-F8E7F7E2E0AF}.Debug|Any CPU.ActiveCfg = Debug|Any CPU
		{6D0B597F-AEFD-4439-8E82-F8E7F7E2E0AF}.Debug|Any CPU.Build.0 = Debug|Any CPU
		{6D0B597F-AEFD-4439-8E82-F8E7F7E2E0AF}.Release|Any CPU.ActiveCfg = Release|Any CPU
		{6D0B597F-AEFD-4439-8E82-F8E7F7E2E0AF}.Release|Any CPU.Build.0 = Release|Any CPU
	EndGlobalSection
	GlobalSection(SolutionProperties) = preSolution
		HideSolutionNode = FALSE
	EndGlobalSection
	GlobalSection(ExtensibilityGlobals) = postSolution
		SolutionGuid = {F01F895B-F6E5-44C8-9719-54815C06ACA9}
	EndGlobalSection
EndGlobal
