
Microsoft Visual Studio Solution File, Format Version 12.00
# Visual Studio Version 16
VisualStudioVersion = 16.0.29326.143
MinimumVisualStudioVersion = 10.0.40219.1
Project("{FAE04EC0-301F-11D3-BF4B-00C04F79EFBC}") = "EngineeringThesis.Core", "EngineeringThesis.Core\EngineeringThesis.Core.csproj", "{6D0B597F-AEFD-4439-8E82-F8E7F7E2E0AF}"
EndProject
Project("{FAE04EC0-301F-11D3-BF4B-00C04F79EFBC}") = "EngineeringThesis.UI", "EngineeringThesis.UI\EngineeringThesis.UI.csproj", "{7AFFFDA6-FC5E-43AD-BF52-57B0AD11660C}"
EndProject
Global
	GlobalSection(SolutionConfigurationPlatforms) = preSolution
		Debug|Any CPU = Debug|Any CPU
		Release|Any CPU = Release|Any CPU
	EndGlobalSection
	GlobalSection(ProjectConfigurationPlatforms) = postSolution
		{6D0B597F-AEFD-4439-8E82-F8E7F7E2E0AF}.Debug|Any CPU.ActiveCfg = Debug|Any CPU
		{6D0B597F-AEFD-4439-8E82-F8E7F7E2E0AF}.Debug|Any CPU.Build.0 = Debug|Any CPU
		{6D0B597F-AEFD-4439-8E82-F8E7F7E2E0AF}.Release|Any CPU.ActiveCfg = Release|Any CPU
		{6D0B597F-AEFD-4439-8E82-F8E7F7E2E0AF}.Release|Any CPU.Build.0 = Release|Any CPU
		{7AFFFDA6-FC5E-43AD-BF52-57B0AD11660C}.Debug|Any CPU.ActiveCfg = Debug|Any CPU
		{7AFFFDA6-FC5E-43AD-BF52-57B0AD11660C}.Debug|Any CPU.Build.0 = Debug|Any CPU
		{7AFFFDA6-FC5E-43AD-BF52-57B0AD11660C}.Release|Any CPU.ActiveCfg = Release|Any CPU
		{7AFFFDA6-FC5E-43AD-BF52-57B0AD11660C}.Release|Any CPU.Build.0 = Release|Any CPU
	EndGlobalSection
	GlobalSection(SolutionProperties) = preSolution
		HideSolutionNode = FALSE
	EndGlobalSection
	GlobalSection(ExtensibilityGlobals) = postSolution
		SolutionGuid = {F01F895B-F6E5-44C8-9719-54815C06ACA9}
	EndGlobalSection
EndGlobal
